
Microsoft Visual Studio Solution File, Format Version 12.00
# Visual Studio Version 17
VisualStudioVersion = 17.1.32328.378
MinimumVisualStudioVersion = 10.0.40219.1
Project("{FAE04EC0-301F-11D3-BF4B-00C04F79EFBC}") = "pooMaiorIdade", "pooMaiorIdade\pooMaiorIdade.csproj", "{3FBA2DF7-95AB-4E3F-BDE0-6DC0C6066563}"
EndProject
Global
	GlobalSection(SolutionConfigurationPlatforms) = preSolution
		Debug|Any CPU = Debug|Any CPU
		Release|Any CPU = Release|Any CPU
	EndGlobalSection
	GlobalSection(ProjectConfigurationPlatforms) = postSolution
		{3FBA2DF7-95AB-4E3F-BDE0-6DC0C6066563}.Debug|Any CPU.ActiveCfg = Debug|Any CPU
		{3FBA2DF7-95AB-4E3F-BDE0-6DC0C6066563}.Debug|Any CPU.Build.0 = Debug|Any CPU
		{3FBA2DF7-95AB-4E3F-BDE0-6DC0C6066563}.Release|Any CPU.ActiveCfg = Release|Any CPU
		{3FBA2DF7-95AB-4E3F-BDE0-6DC0C6066563}.Release|Any CPU.Build.0 = Release|Any CPU
	EndGlobalSection
	GlobalSection(SolutionProperties) = preSolution
		HideSolutionNode = FALSE
	EndGlobalSection
	GlobalSection(ExtensibilityGlobals) = postSolution
		SolutionGuid = {37493F4C-F4A6-41F3-BAEB-BDBD4C1B3969}
	EndGlobalSection
EndGlobal
