
Microsoft Visual Studio Solution File, Format Version 12.00
# Visual Studio Version 17
VisualStudioVersion = 17.1.32328.378
MinimumVisualStudioVersion = 10.0.40219.1
Project("{FAE04EC0-301F-11D3-BF4B-00C04F79EFBC}") = "AhoraDoPich", "AhoraDoPich\AhoraDoPich.csproj", "{516B816D-DCDD-4AD8-B9D1-AC99B535A187}"
EndProject
Global
	GlobalSection(SolutionConfigurationPlatforms) = preSolution
		Debug|Any CPU = Debug|Any CPU
		Release|Any CPU = Release|Any CPU
	EndGlobalSection
	GlobalSection(ProjectConfigurationPlatforms) = postSolution
		{516B816D-DCDD-4AD8-B9D1-AC99B535A187}.Debug|Any CPU.ActiveCfg = Debug|Any CPU
		{516B816D-DCDD-4AD8-B9D1-AC99B535A187}.Debug|Any CPU.Build.0 = Debug|Any CPU
		{516B816D-DCDD-4AD8-B9D1-AC99B535A187}.Release|Any CPU.ActiveCfg = Release|Any CPU
		{516B816D-DCDD-4AD8-B9D1-AC99B535A187}.Release|Any CPU.Build.0 = Release|Any CPU
	EndGlobalSection
	GlobalSection(SolutionProperties) = preSolution
		HideSolutionNode = FALSE
	EndGlobalSection
	GlobalSection(ExtensibilityGlobals) = postSolution
		SolutionGuid = {711C161B-71F9-4272-B852-7FF6008D20D4}
	EndGlobalSection
EndGlobal
