
Microsoft Visual Studio Solution File, Format Version 12.00
# Visual Studio Version 17
VisualStudioVersion = 17.1.32328.378
MinimumVisualStudioVersion = 10.0.40219.1
Project("{FAE04EC0-301F-11D3-BF4B-00C04F79EFBC}") = "pooCalculaIdae", "pooCalculaIdae\pooCalculaIdae.csproj", "{F804C958-64A7-4526-8EE5-FD7057420E19}"
EndProject
Global
	GlobalSection(SolutionConfigurationPlatforms) = preSolution
		Debug|Any CPU = Debug|Any CPU
		Release|Any CPU = Release|Any CPU
	EndGlobalSection
	GlobalSection(ProjectConfigurationPlatforms) = postSolution
		{F804C958-64A7-4526-8EE5-FD7057420E19}.Debug|Any CPU.ActiveCfg = Debug|Any CPU
		{F804C958-64A7-4526-8EE5-FD7057420E19}.Debug|Any CPU.Build.0 = Debug|Any CPU
		{F804C958-64A7-4526-8EE5-FD7057420E19}.Release|Any CPU.ActiveCfg = Release|Any CPU
		{F804C958-64A7-4526-8EE5-FD7057420E19}.Release|Any CPU.Build.0 = Release|Any CPU
	EndGlobalSection
	GlobalSection(SolutionProperties) = preSolution
		HideSolutionNode = FALSE
	EndGlobalSection
	GlobalSection(ExtensibilityGlobals) = postSolution
		SolutionGuid = {5AB429C5-7BC1-489E-BBA4-8F14780A4F4E}
	EndGlobalSection
EndGlobal
