
Microsoft Visual Studio Solution File, Format Version 12.00
# Visual Studio Version 17
VisualStudioVersion = 17.1.32328.378
MinimumVisualStudioVersion = 10.0.40219.1
Project("{FAE04EC0-301F-11D3-BF4B-00C04F79EFBC}") = "pooPerguntasResposta", "pooPerguntasResposta\pooPerguntasResposta.csproj", "{A3B0C09B-78EA-4C06-B7FE-800C4A1324D9}"
EndProject
Global
	GlobalSection(SolutionConfigurationPlatforms) = preSolution
		Debug|Any CPU = Debug|Any CPU
		Release|Any CPU = Release|Any CPU
	EndGlobalSection
	GlobalSection(ProjectConfigurationPlatforms) = postSolution
		{A3B0C09B-78EA-4C06-B7FE-800C4A1324D9}.Debug|Any CPU.ActiveCfg = Debug|Any CPU
		{A3B0C09B-78EA-4C06-B7FE-800C4A1324D9}.Debug|Any CPU.Build.0 = Debug|Any CPU
		{A3B0C09B-78EA-4C06-B7FE-800C4A1324D9}.Release|Any CPU.ActiveCfg = Release|Any CPU
		{A3B0C09B-78EA-4C06-B7FE-800C4A1324D9}.Release|Any CPU.Build.0 = Release|Any CPU
	EndGlobalSection
	GlobalSection(SolutionProperties) = preSolution
		HideSolutionNode = FALSE
	EndGlobalSection
	GlobalSection(ExtensibilityGlobals) = postSolution
		SolutionGuid = {B3CCE5F4-D4C0-47EC-8A04-BC431EDDE7CB}
	EndGlobalSection
EndGlobal
